
Microsoft Visual Studio Solution File, Format Version 12.00
# Visual Studio Version 16
VisualStudioVersion = 16.0.30204.135
MinimumVisualStudioVersion = 10.0.40219.1
Project("{FAE04EC0-301F-11D3-BF4B-00C04F79EFBC}") = "Xadrez", "Xadrez.csproj", "{041A8632-2004-48C9-9317-253143C0318D}"
EndProject
Global
	GlobalSection(SolutionConfigurationPlatforms) = preSolution
		Debug|Any CPU = Debug|Any CPU
		Release|Any CPU = Release|Any CPU
	EndGlobalSection
	GlobalSection(ProjectConfigurationPlatforms) = postSolution
		{041A8632-2004-48C9-9317-253143C0318D}.Debug|Any CPU.ActiveCfg = Debug|Any CPU
		{041A8632-2004-48C9-9317-253143C0318D}.Debug|Any CPU.Build.0 = Debug|Any CPU
		{041A8632-2004-48C9-9317-253143C0318D}.Release|Any CPU.ActiveCfg = Release|Any CPU
		{041A8632-2004-48C9-9317-253143C0318D}.Release|Any CPU.Build.0 = Release|Any CPU
	EndGlobalSection
	GlobalSection(SolutionProperties) = preSolution
		HideSolutionNode = FALSE
	EndGlobalSection
	GlobalSection(ExtensibilityGlobals) = postSolution
		SolutionGuid = {36C51902-03F5-495C-ACBC-916B16C1C0D7}
	EndGlobalSection
EndGlobal
